// !$*UTF8*$!
{
	archiveVersion = 1;
	classes = {
	};
	objectVersion = 56;
	objects = {

/* Begin PBXBuildFile section */
		764CB7272AB7DBF7004206D4 /* middlenApp.swift in Sources */ = {isa = PBXBuildFile; fileRef = 764CB7262AB7DBF7004206D4 /* middlenApp.swift */; };
		764CB7292AB7DBF7004206D4 /* ContentView.swift in Sources */ = {isa = PBXBuildFile; fileRef = 764CB7282AB7DBF7004206D4 /* ContentView.swift */; };
		764CB72B2AB7DBF9004206D4 /* Assets.xcassets in Resources */ = {isa = PBXBuildFile; fileRef = 764CB72A2AB7DBF9004206D4 /* Assets.xcassets */; };
		764CB72E2AB7DBF9004206D4 /* Preview Assets.xcassets in Resources */ = {isa = PBXBuildFile; fileRef = 764CB72D2AB7DBF9004206D4 /* Preview Assets.xcassets */; };
		764CB7392AB7DBF9004206D4 /* middlenTests.swift in Sources */ = {isa = PBXBuildFile; fileRef = 764CB7382AB7DBF9004206D4 /* middlenTests.swift */; };
		764CB7432AB7DBF9004206D4 /* middlenUITests.swift in Sources */ = {isa = PBXBuildFile; fileRef = 764CB7422AB7DBF9004206D4 /* middlenUITests.swift */; };
		764CB7452AB7DBF9004206D4 /* middlenUITestsLaunchTests.swift in Sources */ = {isa = PBXBuildFile; fileRef = 764CB7442AB7DBF9004206D4 /* middlenUITestsLaunchTests.swift */; };
/* End PBXBuildFile section */

/* Begin PBXContainerItemProxy section */
		764CB7352AB7DBF9004206D4 /* PBXContainerItemProxy */ = {
			isa = PBXContainerItemProxy;
			containerPortal = 764CB71B2AB7DBF7004206D4 /* Project object */;
			proxyType = 1;
			remoteGlobalIDString = 764CB7222AB7DBF7004206D4;
			remoteInfo = middlen;
		};
		764CB73F2AB7DBF9004206D4 /* PBXContainerItemProxy */ = {
			isa = PBXContainerItemProxy;
			containerPortal = 764CB71B2AB7DBF7004206D4 /* Project object */;
			proxyType = 1;
			remoteGlobalIDString = 764CB7222AB7DBF7004206D4;
			remoteInfo = middlen;
		};
/* End PBXContainerItemProxy section */

/* Begin PBXFileReference section */
		764CB7232AB7DBF7004206D4 /* middlen.app */ = {isa = PBXFileReference; explicitFileType = wrapper.application; includeInIndex = 0; path = middlen.app; sourceTree = BUILT_PRODUCTS_DIR; };
		764CB7262AB7DBF7004206D4 /* middlenApp.swift */ = {isa = PBXFileReference; lastKnownFileType = sourcecode.swift; path = middlenApp.swift; sourceTree = "<group>"; };
		764CB7282AB7DBF7004206D4 /* ContentView.swift */ = {isa = PBXFileReference; lastKnownFileType = sourcecode.swift; path = ContentView.swift; sourceTree = "<group>"; };
		764CB72A2AB7DBF9004206D4 /* Assets.xcassets */ = {isa = PBXFileReference; lastKnownFileType = folder.assetcatalog; path = Assets.xcassets; sourceTree = "<group>"; };
		764CB72D2AB7DBF9004206D4 /* Preview Assets.xcassets */ = {isa = PBXFileReference; lastKnownFileType = folder.assetcatalog; path = "Preview Assets.xcassets"; sourceTree = "<group>"; };
		764CB72F2AB7DBF9004206D4 /* middlen.entitlements */ = {isa = PBXFileReference; lastKnownFileType = text.plist.entitlements; path = middlen.entitlements; sourceTree = "<group>"; };
		764CB7342AB7DBF9004206D4 /* middlenTests.xctest */ = {isa = PBXFileReference; explicitFileType = wrapper.cfbundle; includeInIndex = 0; path = middlenTests.xctest; sourceTree = BUILT_PRODUCTS_DIR; };
		764CB7382AB7DBF9004206D4 /* middlenTests.swift */ = {isa = PBXFileReference; lastKnownFileType = sourcecode.swift; path = middlenTests.swift; sourceTree = "<group>"; };
		764CB73E2AB7DBF9004206D4 /* middlenUITests.xctest */ = {isa = PBXFileReference; explicitFileType = wrapper.cfbundle; includeInIndex = 0; path = middlenUITests.xctest; sourceTree = BUILT_PRODUCTS_DIR; };
		764CB7422AB7DBF9004206D4 /* middlenUITests.swift */ = {isa = PBXFileReference; lastKnownFileType = sourcecode.swift; path = middlenUITests.swift; sourceTree = "<group>"; };
		764CB7442AB7DBF9004206D4 /* middlenUITestsLaunchTests.swift */ = {isa = PBXFileReference; lastKnownFileType = sourcecode.swift; path = middlenUITestsLaunchTests.swift; sourceTree = "<group>"; };
/* End PBXFileReference section */

/* Begin PBXFrameworksBuildPhase section */
		764CB7202AB7DBF7004206D4 /* Frameworks */ = {
			isa = PBXFrameworksBuildPhase;
			buildActionMask = 2147483647;
			files = (
			);
			runOnlyForDeploymentPostprocessing = 0;
		};
		764CB7312AB7DBF9004206D4 /* Frameworks */ = {
			isa = PBXFrameworksBuildPhase;
			buildActionMask = 2147483647;
			files = (
			);
			runOnlyForDeploymentPostprocessing = 0;
		};
		764CB73B2AB7DBF9004206D4 /* Frameworks */ = {
			isa = PBXFrameworksBuildPhase;
			buildActionMask = 2147483647;
			files = (
			);
			runOnlyForDeploymentPostprocessing = 0;
		};
/* End PBXFrameworksBuildPhase section */

/* Begin PBXGroup section */
		764CB71A2AB7DBF7004206D4 = {
			isa = PBXGroup;
			children = (
				764CB7252AB7DBF7004206D4 /* middlen */,
				764CB7372AB7DBF9004206D4 /* middlenTests */,
				764CB7412AB7DBF9004206D4 /* middlenUITests */,
				764CB7242AB7DBF7004206D4 /* Products */,
			);
			sourceTree = "<group>";
		};
		764CB7242AB7DBF7004206D4 /* Products */ = {
			isa = PBXGroup;
			children = (
				764CB7232AB7DBF7004206D4 /* middlen.app */,
				764CB7342AB7DBF9004206D4 /* middlenTests.xctest */,
				764CB73E2AB7DBF9004206D4 /* middlenUITests.xctest */,
			);
			name = Products;
			sourceTree = "<group>";
		};
		764CB7252AB7DBF7004206D4 /* middlen */ = {
			isa = PBXGroup;
			children = (
				764CB7262AB7DBF7004206D4 /* middlenApp.swift */,
				764CB7282AB7DBF7004206D4 /* ContentView.swift */,
				764CB72A2AB7DBF9004206D4 /* Assets.xcassets */,
				764CB72F2AB7DBF9004206D4 /* middlen.entitlements */,
				764CB72C2AB7DBF9004206D4 /* Preview Content */,
			);
			path = middlen;
			sourceTree = "<group>";
		};
		764CB72C2AB7DBF9004206D4 /* Preview Content */ = {
			isa = PBXGroup;
			children = (
				764CB72D2AB7DBF9004206D4 /* Preview Assets.xcassets */,
			);
			path = "Preview Content";
			sourceTree = "<group>";
		};
		764CB7372AB7DBF9004206D4 /* middlenTests */ = {
			isa = PBXGroup;
			children = (
				764CB7382AB7DBF9004206D4 /* middlenTests.swift */,
			);
			path = middlenTests;
			sourceTree = "<group>";
		};
		764CB7412AB7DBF9004206D4 /* middlenUITests */ = {
			isa = PBXGroup;
			children = (
				764CB7422AB7DBF9004206D4 /* middlenUITests.swift */,
				764CB7442AB7DBF9004206D4 /* middlenUITestsLaunchTests.swift */,
			);
			path = middlenUITests;
			sourceTree = "<group>";
		};
/* End PBXGroup section */

/* Begin PBXNativeTarget section */
		764CB7222AB7DBF7004206D4 /* middlen */ = {
			isa = PBXNativeTarget;
			buildConfigurationList = 764CB7482AB7DBF9004206D4 /* Build configuration list for PBXNativeTarget "middlen" */;
			buildPhases = (
				764CB71F2AB7DBF7004206D4 /* Sources */,
				764CB7202AB7DBF7004206D4 /* Frameworks */,
				764CB7212AB7DBF7004206D4 /* Resources */,
			);
			buildRules = (
			);
			dependencies = (
			);
			name = middlen;
			productName = middlen;
			productReference = 764CB7232AB7DBF7004206D4 /* middlen.app */;
			productType = "com.apple.product-type.application";
		};
		764CB7332AB7DBF9004206D4 /* middlenTests */ = {
			isa = PBXNativeTarget;
			buildConfigurationList = 764CB74B2AB7DBF9004206D4 /* Build configuration list for PBXNativeTarget "middlenTests" */;
			buildPhases = (
				764CB7302AB7DBF9004206D4 /* Sources */,
				764CB7312AB7DBF9004206D4 /* Frameworks */,
				764CB7322AB7DBF9004206D4 /* Resources */,
			);
			buildRules = (
			);
			dependencies = (
				764CB7362AB7DBF9004206D4 /* PBXTargetDependency */,
			);
			name = middlenTests;
			productName = middlenTests;
			productReference = 764CB7342AB7DBF9004206D4 /* middlenTests.xctest */;
			productType = "com.apple.product-type.bundle.unit-test";
		};
		764CB73D2AB7DBF9004206D4 /* middlenUITests */ = {
			isa = PBXNativeTarget;
			buildConfigurationList = 764CB74E2AB7DBF9004206D4 /* Build configuration list for PBXNativeTarget "middlenUITests" */;
			buildPhases = (
				764CB73A2AB7DBF9004206D4 /* Sources */,
				764CB73B2AB7DBF9004206D4 /* Frameworks */,
				764CB73C2AB7DBF9004206D4 /* Resources */,
			);
			buildRules = (
			);
			dependencies = (
				764CB7402AB7DBF9004206D4 /* PBXTargetDependency */,
			);
			name = middlenUITests;
			productName = middlenUITests;
			productReference = 764CB73E2AB7DBF9004206D4 /* middlenUITests.xctest */;
			productType = "com.apple.product-type.bundle.ui-testing";
		};
/* End PBXNativeTarget section */

/* Begin PBXProject section */
		764CB71B2AB7DBF7004206D4 /* Project object */ = {
			isa = PBXProject;
			attributes = {
				BuildIndependentTargetsInParallel = 1;
				LastSwiftUpdateCheck = 1430;
				LastUpgradeCheck = 1430;
				TargetAttributes = {
					764CB7222AB7DBF7004206D4 = {
						CreatedOnToolsVersion = 14.3.1;
					};
					764CB7332AB7DBF9004206D4 = {
						CreatedOnToolsVersion = 14.3.1;
						TestTargetID = 764CB7222AB7DBF7004206D4;
					};
					764CB73D2AB7DBF9004206D4 = {
						CreatedOnToolsVersion = 14.3.1;
						TestTargetID = 764CB7222AB7DBF7004206D4;
					};
				};
			};
			buildConfigurationList = 764CB71E2AB7DBF7004206D4 /* Build configuration list for PBXProject "middlen" */;
			compatibilityVersion = "Xcode 14.0";
			developmentRegion = en;
			hasScannedForEncodings = 0;
			knownRegions = (
				en,
				Base,
			);
			mainGroup = 764CB71A2AB7DBF7004206D4;
			productRefGroup = 764CB7242AB7DBF7004206D4 /* Products */;
			projectDirPath = "";
			projectRoot = "";
			targets = (
				764CB7222AB7DBF7004206D4 /* middlen */,
				764CB7332AB7DBF9004206D4 /* middlenTests */,
				764CB73D2AB7DBF9004206D4 /* middlenUITests */,
			);
		};
/* End PBXProject section */

/* Begin PBXResourcesBuildPhase section */
		764CB7212AB7DBF7004206D4 /* Resources */ = {
			isa = PBXResourcesBuildPhase;
			buildActionMask = 2147483647;
			files = (
				764CB72E2AB7DBF9004206D4 /* Preview Assets.xcassets in Resources */,
				764CB72B2AB7DBF9004206D4 /* Assets.xcassets in Resources */,
			);
			runOnlyForDeploymentPostprocessing = 0;
		};
		764CB7322AB7DBF9004206D4 /* Resources */ = {
			isa = PBXResourcesBuildPhase;
			buildActionMask = 2147483647;
			files = (
			);
			runOnlyForDeploymentPostprocessing = 0;
		};
		764CB73C2AB7DBF9004206D4 /* Resources */ = {
			isa = PBXResourcesBuildPhase;
			buildActionMask = 2147483647;
			files = (
			);
			runOnlyForDeploymentPostprocessing = 0;
		};
/* End PBXResourcesBuildPhase section */

/* Begin PBXSourcesBuildPhase section */
		764CB71F2AB7DBF7004206D4 /* Sources */ = {
			isa = PBXSourcesBuildPhase;
			buildActionMask = 2147483647;
			files = (
				764CB7292AB7DBF7004206D4 /* ContentView.swift in Sources */,
				764CB7272AB7DBF7004206D4 /* middlenApp.swift in Sources */,
			);
			runOnlyForDeploymentPostprocessing = 0;
		};
		764CB7302AB7DBF9004206D4 /* Sources */ = {
			isa = PBXSourcesBuildPhase;
			buildActionMask = 2147483647;
			files = (
				764CB7392AB7DBF9004206D4 /* middlenTests.swift in Sources */,
			);
			runOnlyForDeploymentPostprocessing = 0;
		};
		764CB73A2AB7DBF9004206D4 /* Sources */ = {
			isa = PBXSourcesBuildPhase;
			buildActionMask = 2147483647;
			files = (
				764CB7452AB7DBF9004206D4 /* middlenUITestsLaunchTests.swift in Sources */,
				764CB7432AB7DBF9004206D4 /* middlenUITests.swift in Sources */,
			);
			runOnlyForDeploymentPostprocessing = 0;
		};
/* End PBXSourcesBuildPhase section */

/* Begin PBXTargetDependency section */
		764CB7362AB7DBF9004206D4 /* PBXTargetDependency */ = {
			isa = PBXTargetDependency;
			target = 764CB7222AB7DBF7004206D4 /* middlen */;
			targetProxy = 764CB7352AB7DBF9004206D4 /* PBXContainerItemProxy */;
		};
		764CB7402AB7DBF9004206D4 /* PBXTargetDependency */ = {
			isa = PBXTargetDependency;
			target = 764CB7222AB7DBF7004206D4 /* middlen */;
			targetProxy = 764CB73F2AB7DBF9004206D4 /* PBXContainerItemProxy */;
		};
/* End PBXTargetDependency section */

/* Begin XCBuildConfiguration section */
		764CB7462AB7DBF9004206D4 /* Debug */ = {
			isa = XCBuildConfiguration;
			buildSettings = {
				ALWAYS_SEARCH_USER_PATHS = NO;
				CLANG_ANALYZER_NONNULL = YES;
				CLANG_ANALYZER_NUMBER_OBJECT_CONVERSION = YES_AGGRESSIVE;
				CLANG_CXX_LANGUAGE_STANDARD = "gnu++20";
				CLANG_ENABLE_MODULES = YES;
				CLANG_ENABLE_OBJC_ARC = YES;
				CLANG_ENABLE_OBJC_WEAK = YES;
				CLANG_WARN_BLOCK_CAPTURE_AUTORELEASING = YES;
				CLANG_WARN_BOOL_CONVERSION = YES;
				CLANG_WARN_COMMA = YES;
				CLANG_WARN_CONSTANT_CONVERSION = YES;
				CLANG_WARN_DEPRECATED_OBJC_IMPLEMENTATIONS = YES;
				CLANG_WARN_DIRECT_OBJC_ISA_USAGE = YES_ERROR;
				CLANG_WARN_DOCUMENTATION_COMMENTS = YES;
				CLANG_WARN_EMPTY_BODY = YES;
				CLANG_WARN_ENUM_CONVERSION = YES;
				CLANG_WARN_INFINITE_RECURSION = YES;
				CLANG_WARN_INT_CONVERSION = YES;
				CLANG_WARN_NON_LITERAL_NULL_CONVERSION = YES;
				CLANG_WARN_OBJC_IMPLICIT_RETAIN_SELF = YES;
				CLANG_WARN_OBJC_LITERAL_CONVERSION = YES;
				CLANG_WARN_OBJC_ROOT_CLASS = YES_ERROR;
				CLANG_WARN_QUOTED_INCLUDE_IN_FRAMEWORK_HEADER = YES;
				CLANG_WARN_RANGE_LOOP_ANALYSIS = YES;
				CLANG_WARN_STRICT_PROTOTYPES = YES;
				CLANG_WARN_SUSPICIOUS_MOVE = YES;
				CLANG_WARN_UNGUARDED_AVAILABILITY = YES_AGGRESSIVE;
				CLANG_WARN_UNREACHABLE_CODE = YES;
				CLANG_WARN__DUPLICATE_METHOD_MATCH = YES;
				COPY_PHASE_STRIP = NO;
				DEBUG_INFORMATION_FORMAT = dwarf;
				ENABLE_STRICT_OBJC_MSGSEND = YES;
				ENABLE_TESTABILITY = YES;
				GCC_C_LANGUAGE_STANDARD = gnu11;
				GCC_DYNAMIC_NO_PIC = NO;
				GCC_NO_COMMON_BLOCKS = YES;
				GCC_OPTIMIZATION_LEVEL = 0;
				GCC_PREPROCESSOR_DEFINITIONS = (
					"DEBUG=1",
					"$(inherited)",
				);
				GCC_WARN_64_TO_32_BIT_CONVERSION = YES;
				GCC_WARN_ABOUT_RETURN_TYPE = YES_ERROR;
				GCC_WARN_UNDECLARED_SELECTOR = YES;
				GCC_WARN_UNINITIALIZED_AUTOS = YES_AGGRESSIVE;
				GCC_WARN_UNUSED_FUNCTION = YES;
				GCC_WARN_UNUSED_VARIABLE = YES;
				MACOSX_DEPLOYMENT_TARGET = 13.3;
				MTL_ENABLE_DEBUG_INFO = INCLUDE_SOURCE;
				MTL_FAST_MATH = YES;
				ONLY_ACTIVE_ARCH = YES;
				SDKROOT = macosx;
				SWIFT_ACTIVE_COMPILATION_CONDITIONS = DEBUG;
				SWIFT_OPTIMIZATION_LEVEL = "-Onone";
			};
			name = Debug;
		};
		764CB7472AB7DBF9004206D4 /* Release */ = {
			isa = XCBuildConfiguration;
			buildSettings = {
				ALWAYS_SEARCH_USER_PATHS = NO;
				CLANG_ANALYZER_NONNULL = YES;
				CLANG_ANALYZER_NUMBER_OBJECT_CONVERSION = YES_AGGRESSIVE;
				CLANG_CXX_LANGUAGE_STANDARD = "gnu++20";
				CLANG_ENABLE_MODULES = YES;
				CLANG_ENABLE_OBJC_ARC = YES;
				CLANG_ENABLE_OBJC_WEAK = YES;
				CLANG_WARN_BLOCK_CAPTURE_AUTORELEASING = YES;
				CLANG_WARN_BOOL_CONVERSION = YES;
				CLANG_WARN_COMMA = YES;
				CLANG_WARN_CONSTANT_CONVERSION = YES;
				CLANG_WARN_DEPRECATED_OBJC_IMPLEMENTATIONS = YES;
				CLANG_WARN_DIRECT_OBJC_ISA_USAGE = YES_ERROR;
				CLANG_WARN_DOCUMENTATION_COMMENTS = YES;
				CLANG_WARN_EMPTY_BODY = YES;
				CLANG_WARN_ENUM_CONVERSION = YES;
				CLANG_WARN_INFINITE_RECURSION = YES;
				CLANG_WARN_INT_CONVERSION = YES;
				CLANG_WARN_NON_LITERAL_NULL_CONVERSION = YES;
				CLANG_WARN_OBJC_IMPLICIT_RETAIN_SELF = YES;
				CLANG_WARN_OBJC_LITERAL_CONVERSION = YES;
				CLANG_WARN_OBJC_ROOT_CLASS = YES_ERROR;
				CLANG_WARN_QUOTED_INCLUDE_IN_FRAMEWORK_HEADER = YES;
				CLANG_WARN_RANGE_LOOP_ANALYSIS = YES;
				CLANG_WARN_STRICT_PROTOTYPES = YES;
				CLANG_WARN_SUSPICIOUS_MOVE = YES;
				CLANG_WARN_UNGUARDED_AVAILABILITY = YES_AGGRESSIVE;
				CLANG_WARN_UNREACHABLE_CODE = YES;
				CLANG_WARN__DUPLICATE_METHOD_MATCH = YES;
				COPY_PHASE_STRIP = NO;
				DEBUG_INFORMATION_FORMAT = "dwarf-with-dsym";
				ENABLE_NS_ASSERTIONS = NO;
				ENABLE_STRICT_OBJC_MSGSEND = YES;
				GCC_C_LANGUAGE_STANDARD = gnu11;
				GCC_NO_COMMON_BLOCKS = YES;
				GCC_WARN_64_TO_32_BIT_CONVERSION = YES;
				GCC_WARN_ABOUT_RETURN_TYPE = YES_ERROR;
				GCC_WARN_UNDECLARED_SELECTOR = YES;
				GCC_WARN_UNINITIALIZED_AUTOS = YES_AGGRESSIVE;
				GCC_WARN_UNUSED_FUNCTION = YES;
				GCC_WARN_UNUSED_VARIABLE = YES;
				MACOSX_DEPLOYMENT_TARGET = 13.3;
				MTL_ENABLE_DEBUG_INFO = NO;
				MTL_FAST_MATH = YES;
				SDKROOT = macosx;
				SWIFT_COMPILATION_MODE = wholemodule;
				SWIFT_OPTIMIZATION_LEVEL = "-O";
			};
			name = Release;
		};
		764CB7492AB7DBF9004206D4 /* Debug */ = {
			isa = XCBuildConfiguration;
			buildSettings = {
				ASSETCATALOG_COMPILER_APPICON_NAME = AppIcon;
				ASSETCATALOG_COMPILER_GLOBAL_ACCENT_COLOR_NAME = AccentColor;
				CODE_SIGN_ENTITLEMENTS = middlen/middlen.entitlements;
				CODE_SIGN_STYLE = Automatic;
				COMBINE_HIDPI_IMAGES = YES;
				CURRENT_PROJECT_VERSION = 1;
				DEVELOPMENT_ASSET_PATHS = "\"middlen/Preview Content\"";
				ENABLE_PREVIEWS = YES;
				GENERATE_INFOPLIST_FILE = YES;
				INFOPLIST_KEY_NSHumanReadableCopyright = "";
				LD_RUNPATH_SEARCH_PATHS = (
					"$(inherited)",
					"@executable_path/../Frameworks",
				);
				MARKETING_VERSION = 1.0;
				PRODUCT_BUNDLE_IDENTIFIER = com.conoson.middlen;
				PRODUCT_NAME = "$(TARGET_NAME)";
				SWIFT_EMIT_LOC_STRINGS = YES;
				SWIFT_VERSION = 5.0;
			};
			name = Debug;
		};
		764CB74A2AB7DBF9004206D4 /* Release */ = {
			isa = XCBuildConfiguration;
			buildSettings = {
				ASSETCATALOG_COMPILER_APPICON_NAME = AppIcon;
				ASSETCATALOG_COMPILER_GLOBAL_ACCENT_COLOR_NAME = AccentColor;
				CODE_SIGN_ENTITLEMENTS = middlen/middlen.entitlements;
				CODE_SIGN_STYLE = Automatic;
				COMBINE_HIDPI_IMAGES = YES;
				CURRENT_PROJECT_VERSION = 1;
				DEVELOPMENT_ASSET_PATHS = "\"middlen/Preview Content\"";
				ENABLE_PREVIEWS = YES;
				GENERATE_INFOPLIST_FILE = YES;
				INFOPLIST_KEY_NSHumanReadableCopyright = "";
				LD_RUNPATH_SEARCH_PATHS = (
					"$(inherited)",
					"@executable_path/../Frameworks",
				);
				MARKETING_VERSION = 1.0;
				PRODUCT_BUNDLE_IDENTIFIER = com.conoson.middlen;
				PRODUCT_NAME = "$(TARGET_NAME)";
				SWIFT_EMIT_LOC_STRINGS = YES;
				SWIFT_VERSION = 5.0;
			};
			name = Release;
		};
		764CB74C2AB7DBF9004206D4 /* Debug */ = {
			isa = XCBuildConfiguration;
			buildSettings = {
				ALWAYS_EMBED_SWIFT_STANDARD_LIBRARIES = YES;
				BUNDLE_LOADER = "$(TEST_HOST)";
				CODE_SIGN_STYLE = Automatic;
				CURRENT_PROJECT_VERSION = 1;
				GENERATE_INFOPLIST_FILE = YES;
				MACOSX_DEPLOYMENT_TARGET = 13.3;
				MARKETING_VERSION = 1.0;
				PRODUCT_BUNDLE_IDENTIFIER = com.conoson.middlenTests;
				PRODUCT_NAME = "$(TARGET_NAME)";
				SWIFT_EMIT_LOC_STRINGS = NO;
				SWIFT_VERSION = 5.0;
				TEST_HOST = "$(BUILT_PRODUCTS_DIR)/middlen.app/$(BUNDLE_EXECUTABLE_FOLDER_PATH)/middlen";
			};
			name = Debug;
		};
		764CB74D2AB7DBF9004206D4 /* Release */ = {
			isa = XCBuildConfiguration;
			buildSettings = {
				ALWAYS_EMBED_SWIFT_STANDARD_LIBRARIES = YES;
				BUNDLE_LOADER = "$(TEST_HOST)";
				CODE_SIGN_STYLE = Automatic;
				CURRENT_PROJECT_VERSION = 1;
				GENERATE_INFOPLIST_FILE = YES;
				MACOSX_DEPLOYMENT_TARGET = 13.3;
				MARKETING_VERSION = 1.0;
				PRODUCT_BUNDLE_IDENTIFIER = com.conoson.middlenTests;
				PRODUCT_NAME = "$(TARGET_NAME)";
				SWIFT_EMIT_LOC_STRINGS = NO;
				SWIFT_VERSION = 5.0;
				TEST_HOST = "$(BUILT_PRODUCTS_DIR)/middlen.app/$(BUNDLE_EXECUTABLE_FOLDER_PATH)/middlen";
			};
			name = Release;
		};
		764CB74F2AB7DBF9004206D4 /* Debug */ = {
			isa = XCBuildConfiguration;
			buildSettings = {
				ALWAYS_EMBED_SWIFT_STANDARD_LIBRARIES = YES;
				CODE_SIGN_STYLE = Automatic;
				CURRENT_PROJECT_VERSION = 1;
				GENERATE_INFOPLIST_FILE = YES;
				MARKETING_VERSION = 1.0;
				PRODUCT_BUNDLE_IDENTIFIER = com.conoson.middlenUITests;
				PRODUCT_NAME = "$(TARGET_NAME)";
				SWIFT_EMIT_LOC_STRINGS = NO;
				SWIFT_VERSION = 5.0;
				TEST_TARGET_NAME = middlen;
			};
			name = Debug;
		};
		764CB7502AB7DBF9004206D4 /* Release */ = {
			isa = XCBuildConfiguration;
			buildSettings = {
				ALWAYS_EMBED_SWIFT_STANDARD_LIBRARIES = YES;
				CODE_SIGN_STYLE = Automatic;
				CURRENT_PROJECT_VERSION = 1;
				GENERATE_INFOPLIST_FILE = YES;
				MARKETING_VERSION = 1.0;
				PRODUCT_BUNDLE_IDENTIFIER = com.conoson.middlenUITests;
				PRODUCT_NAME = "$(TARGET_NAME)";
				SWIFT_EMIT_LOC_STRINGS = NO;
				SWIFT_VERSION = 5.0;
				TEST_TARGET_NAME = middlen;
			};
			name = Release;
		};
/* End XCBuildConfiguration section */

/* Begin XCConfigurationList section */
		764CB71E2AB7DBF7004206D4 /* Build configuration list for PBXProject "middlen" */ = {
			isa = XCConfigurationList;
			buildConfigurations = (
				764CB7462AB7DBF9004206D4 /* Debug */,
				764CB7472AB7DBF9004206D4 /* Release */,
			);
			defaultConfigurationIsVisible = 0;
			defaultConfigurationName = Release;
		};
		764CB7482AB7DBF9004206D4 /* Build configuration list for PBXNativeTarget "middlen" */ = {
			isa = XCConfigurationList;
			buildConfigurations = (
				764CB7492AB7DBF9004206D4 /* Debug */,
				764CB74A2AB7DBF9004206D4 /* Release */,
			);
			defaultConfigurationIsVisible = 0;
			defaultConfigurationName = Release;
		};
		764CB74B2AB7DBF9004206D4 /* Build configuration list for PBXNativeTarget "middlenTests" */ = {
			isa = XCConfigurationList;
			buildConfigurations = (
				764CB74C2AB7DBF9004206D4 /* Debug */,
				764CB74D2AB7DBF9004206D4 /* Release */,
			);
			defaultConfigurationIsVisible = 0;
			defaultConfigurationName = Release;
		};
		764CB74E2AB7DBF9004206D4 /* Build configuration list for PBXNativeTarget "middlenUITests" */ = {
			isa = XCConfigurationList;
			buildConfigurations = (
				764CB74F2AB7DBF9004206D4 /* Debug */,
				764CB7502AB7DBF9004206D4 /* Release */,
			);
			defaultConfigurationIsVisible = 0;
			defaultConfigurationName = Release;
		};
/* End XCConfigurationList section */
	};
	rootObject = 764CB71B2AB7DBF7004206D4 /* Project object */;
}
